
Microsoft Visual Studio Solution File, Format Version 12.00
# Visual Studio Version 16
VisualStudioVersion = 16.0.29102.190
MinimumVisualStudioVersion = 10.0.40219.1
Project("{FAE04EC0-301F-11D3-BF4B-00C04F79EFBC}") = "MindNote", "MindNote\MindNote\MindNote.csproj", "{10A5CC16-8549-4046-915F-A51B6B1D25DE}"
EndProject
Project("{FAE04EC0-301F-11D3-BF4B-00C04F79EFBC}") = "MindNote.Android", "MindNote\MindNote.Android\MindNote.Android.csproj", "{020B9B26-4B0A-4ABB-A5FC-773E6C44D88A}"
EndProject

Global
	GlobalSection(SolutionConfigurationPlatforms) = preSolution
		Debug|Any CPU = Debug|Any CPU
		Release|Any CPU = Release|Any CPU
	EndGlobalSection
	GlobalSection(ProjectConfigurationPlatforms) = postSolution
		{020B9B26-4B0A-4ABB-A5FC-773E6C44D88A}.Debug|Any CPU.ActiveCfg = Debug|Any CPU
		{020B9B26-4B0A-4ABB-A5FC-773E6C44D88A}.Debug|Any CPU.Build.0 = Debug|Any CPU
		{020B9B26-4B0A-4ABB-A5FC-773E6C44D88A}.Debug|Any CPU.Deploy.0 = Debug|Any CPU
		{020B9B26-4B0A-4ABB-A5FC-773E6C44D88A}.Release|Any CPU.ActiveCfg = Release|Any CPU
		{020B9B26-4B0A-4ABB-A5FC-773E6C44D88A}.Release|Any CPU.Build.0 = Release|Any CPU
		{020B9B26-4B0A-4ABB-A5FC-773E6C44D88A}.Release|Any CPU.Deploy.0 = Release|Any CPU
		{10A5CC16-8549-4046-915F-A51B6B1D25DE}.Debug|Any CPU.ActiveCfg = Debug|Any CPU
		{10A5CC16-8549-4046-915F-A51B6B1D25DE}.Debug|Any CPU.Build.0 = Debug|Any CPU
		{10A5CC16-8549-4046-915F-A51B6B1D25DE}.Debug|Any CPU.Deploy.0 = Debug|Any CPU
		{10A5CC16-8549-4046-915F-A51B6B1D25DE}.Release|Any CPU.ActiveCfg = Release|Any CPU
		{10A5CC16-8549-4046-915F-A51B6B1D25DE}.Release|Any CPU.Build.0 = Release|Any CPU
		{10A5CC16-8549-4046-915F-A51B6B1D25DE}.Release|Any CPU.Deploy.0 = Release|Any CPU
	EndGlobalSection
	GlobalSection(SolutionProperties) = preSolution
		HideSolutionNode = FALSE
	EndGlobalSection
	GlobalSection(ExtensibilityGlobals) = postSolution
		SolutionGuid = {B3752D85-0A1F-479D-A7CC-12DA744C920A}
	EndGlobalSection
EndGlobal
